// !$*UTF8*$!
{
	archiveVersion = 1;
	classes = {
	};
	objectVersion = 56;
	objects = {

/* Begin PBXBuildFile section */
		6045D8F52A69501300782914 /* MainTabView.swift in Sources */ = {isa = PBXBuildFile; fileRef = 6045D8F42A69501300782914 /* MainTabView.swift */; };
		6045D8F82A69586D00782914 /* Localizable.strings in Resources */ = {isa = PBXBuildFile; fileRef = 6045D8FA2A69586D00782914 /* Localizable.strings */; };
		6045D8FE2A696CEA00782914 /* HomeView.swift in Sources */ = {isa = PBXBuildFile; fileRef = 6045D8FD2A696CEA00782914 /* HomeView.swift */; };
		6045D9002A696CFD00782914 /* CalculationView.swift in Sources */ = {isa = PBXBuildFile; fileRef = 6045D8FF2A696CFD00782914 /* CalculationView.swift */; };
		6045D9022A696D0D00782914 /* HistoryView.swift in Sources */ = {isa = PBXBuildFile; fileRef = 6045D9012A696D0D00782914 /* HistoryView.swift */; };
		6045D9042A696D1D00782914 /* AboutView.swift in Sources */ = {isa = PBXBuildFile; fileRef = 6045D9032A696D1D00782914 /* AboutView.swift */; };
		6045D9082A697E9E00782914 /* TestView.swift in Sources */ = {isa = PBXBuildFile; fileRef = 6045D9072A697E9E00782914 /* TestView.swift */; };
		605288482A6AC88A0046D829 /* MainTabbedItems.swift in Sources */ = {isa = PBXBuildFile; fileRef = 605288472A6AC88A0046D829 /* MainTabbedItems.swift */; };
		60AE81522A66D5E6000E992F /* DPIProject2App.swift in Sources */ = {isa = PBXBuildFile; fileRef = 60AE81512A66D5E6000E992F /* DPIProject2App.swift */; };
		60AE81562A66D5E7000E992F /* Assets.xcassets in Resources */ = {isa = PBXBuildFile; fileRef = 60AE81552A66D5E7000E992F /* Assets.xcassets */; };
		60AE81592A66D5E7000E992F /* Preview Assets.xcassets in Resources */ = {isa = PBXBuildFile; fileRef = 60AE81582A66D5E7000E992F /* Preview Assets.xcassets */; };
		60AE81612A66DCBE000E992F /* DPICalculations in Frameworks */ = {isa = PBXBuildFile; productRef = 60AE81602A66DCBE000E992F /* DPICalculations */; };
/* End PBXBuildFile section */

/* Begin PBXFileReference section */
		6045D8F42A69501300782914 /* MainTabView.swift */ = {isa = PBXFileReference; lastKnownFileType = sourcecode.swift; path = MainTabView.swift; sourceTree = "<group>"; };
		6045D8F92A69586D00782914 /* en */ = {isa = PBXFileReference; lastKnownFileType = text.plist.strings; name = en; path = en.lproj/Localizable.strings; sourceTree = "<group>"; };
		6045D8FB2A69587200782914 /* pl */ = {isa = PBXFileReference; lastKnownFileType = text.plist.strings; name = pl; path = pl.lproj/Localizable.strings; sourceTree = "<group>"; };
		6045D8FD2A696CEA00782914 /* HomeView.swift */ = {isa = PBXFileReference; lastKnownFileType = sourcecode.swift; path = HomeView.swift; sourceTree = "<group>"; };
		6045D8FF2A696CFD00782914 /* CalculationView.swift */ = {isa = PBXFileReference; lastKnownFileType = sourcecode.swift; path = CalculationView.swift; sourceTree = "<group>"; };
		6045D9012A696D0D00782914 /* HistoryView.swift */ = {isa = PBXFileReference; lastKnownFileType = sourcecode.swift; path = HistoryView.swift; sourceTree = "<group>"; };
		6045D9032A696D1D00782914 /* AboutView.swift */ = {isa = PBXFileReference; lastKnownFileType = sourcecode.swift; path = AboutView.swift; sourceTree = "<group>"; };
		6045D9072A697E9E00782914 /* TestView.swift */ = {isa = PBXFileReference; lastKnownFileType = sourcecode.swift; path = TestView.swift; sourceTree = "<group>"; };
		605288472A6AC88A0046D829 /* MainTabbedItems.swift */ = {isa = PBXFileReference; lastKnownFileType = sourcecode.swift; path = MainTabbedItems.swift; sourceTree = "<group>"; };
		60AE814E2A66D5E6000E992F /* dpiProject2.app */ = {isa = PBXFileReference; explicitFileType = wrapper.application; includeInIndex = 0; path = dpiProject2.app; sourceTree = BUILT_PRODUCTS_DIR; };
		60AE81512A66D5E6000E992F /* DPIProject2App.swift */ = {isa = PBXFileReference; lastKnownFileType = sourcecode.swift; path = DPIProject2App.swift; sourceTree = "<group>"; };
		60AE81552A66D5E7000E992F /* Assets.xcassets */ = {isa = PBXFileReference; lastKnownFileType = folder.assetcatalog; path = Assets.xcassets; sourceTree = "<group>"; };
		60AE81582A66D5E7000E992F /* Preview Assets.xcassets */ = {isa = PBXFileReference; lastKnownFileType = folder.assetcatalog; path = "Preview Assets.xcassets"; sourceTree = "<group>"; };
/* End PBXFileReference section */

/* Begin PBXFrameworksBuildPhase section */
		60AE814B2A66D5E6000E992F /* Frameworks */ = {
			isa = PBXFrameworksBuildPhase;
			buildActionMask = 2147483647;
			files = (
				60AE81612A66DCBE000E992F /* DPICalculations in Frameworks */,
			);
			runOnlyForDeploymentPostprocessing = 0;
		};
/* End PBXFrameworksBuildPhase section */

/* Begin PBXGroup section */
		6045D8F32A69442A00782914 /* TestViews */ = {
			isa = PBXGroup;
			children = (
				6045D9072A697E9E00782914 /* TestView.swift */,
			);
			path = TestViews;
			sourceTree = "<group>";
		};
		6045D8FC2A6958A700782914 /* Assets */ = {
			isa = PBXGroup;
			children = (
				6045D8FA2A69586D00782914 /* Localizable.strings */,
				60AE81552A66D5E7000E992F /* Assets.xcassets */,
			);
			path = Assets;
			sourceTree = "<group>";
		};
		6045D9052A696FCB00782914 /* Tabs */ = {
			isa = PBXGroup;
			children = (
				6045D8FD2A696CEA00782914 /* HomeView.swift */,
				6045D8FF2A696CFD00782914 /* CalculationView.swift */,
				6045D9012A696D0D00782914 /* HistoryView.swift */,
				6045D9032A696D1D00782914 /* AboutView.swift */,
			);
			path = Tabs;
			sourceTree = "<group>";
		};
		6045D9062A697E8300782914 /* Shared */ = {
			isa = PBXGroup;
			children = (
				605288472A6AC88A0046D829 /* MainTabbedItems.swift */,
			);
			path = Shared;
			sourceTree = "<group>";
		};
		60AE81452A66D5E6000E992F = {
			isa = PBXGroup;
			children = (
				60AE81502A66D5E6000E992F /* dpiProject2 */,
				60AE814F2A66D5E6000E992F /* Products */,
			);
			sourceTree = "<group>";
		};
		60AE814F2A66D5E6000E992F /* Products */ = {
			isa = PBXGroup;
			children = (
				60AE814E2A66D5E6000E992F /* dpiProject2.app */,
			);
			name = Products;
			sourceTree = "<group>";
		};
		60AE81502A66D5E6000E992F /* dpiProject2 */ = {
			isa = PBXGroup;
			children = (
				6045D8F32A69442A00782914 /* TestViews */,
				6045D9062A697E8300782914 /* Shared */,
				6045D8FC2A6958A700782914 /* Assets */,
				60AE81572A66D5E7000E992F /* Preview Content */,
				6045D9052A696FCB00782914 /* Tabs */,
				60AE81512A66D5E6000E992F /* DPIProject2App.swift */,
				6045D8F42A69501300782914 /* MainTabView.swift */,
			);
			path = dpiProject2;
			sourceTree = "<group>";
		};
		60AE81572A66D5E7000E992F /* Preview Content */ = {
			isa = PBXGroup;
			children = (
				60AE81582A66D5E7000E992F /* Preview Assets.xcassets */,
			);
			path = "Preview Content";
			sourceTree = "<group>";
		};
/* End PBXGroup section */

/* Begin PBXNativeTarget section */
		60AE814D2A66D5E6000E992F /* dpiProject2 */ = {
			isa = PBXNativeTarget;
			buildConfigurationList = 60AE815C2A66D5E7000E992F /* Build configuration list for PBXNativeTarget "dpiProject2" */;
			buildPhases = (
				60AE814A2A66D5E6000E992F /* Sources */,
				60AE814B2A66D5E6000E992F /* Frameworks */,
				60AE814C2A66D5E6000E992F /* Resources */,
			);
			buildRules = (
			);
			dependencies = (
			);
			name = dpiProject2;
			packageProductDependencies = (
				60AE81602A66DCBE000E992F /* DPICalculations */,
			);
			productName = dpiProject2;
			productReference = 60AE814E2A66D5E6000E992F /* dpiProject2.app */;
			productType = "com.apple.product-type.application";
		};
/* End PBXNativeTarget section */

/* Begin PBXProject section */
		60AE81462A66D5E6000E992F /* Project object */ = {
			isa = PBXProject;
			attributes = {
				BuildIndependentTargetsInParallel = 1;
				LastSwiftUpdateCheck = 1430;
				LastUpgradeCheck = 1430;
				TargetAttributes = {
					60AE814D2A66D5E6000E992F = {
						CreatedOnToolsVersion = 14.3.1;
					};
				};
			};
			buildConfigurationList = 60AE81492A66D5E6000E992F /* Build configuration list for PBXProject "dpiProject2" */;
			compatibilityVersion = "Xcode 14.0";
			developmentRegion = en;
			hasScannedForEncodings = 0;
			knownRegions = (
				en,
				Base,
				pl,
			);
			mainGroup = 60AE81452A66D5E6000E992F;
			packageReferences = (
				60AE815F2A66DCBE000E992F /* XCRemoteSwiftPackageReference "DPICalculations" */,
			);
			productRefGroup = 60AE814F2A66D5E6000E992F /* Products */;
			projectDirPath = "";
			projectRoot = "";
			targets = (
				60AE814D2A66D5E6000E992F /* dpiProject2 */,
			);
		};
/* End PBXProject section */

/* Begin PBXResourcesBuildPhase section */
		60AE814C2A66D5E6000E992F /* Resources */ = {
			isa = PBXResourcesBuildPhase;
			buildActionMask = 2147483647;
			files = (
				60AE81592A66D5E7000E992F /* Preview Assets.xcassets in Resources */,
				6045D8F82A69586D00782914 /* Localizable.strings in Resources */,
				60AE81562A66D5E7000E992F /* Assets.xcassets in Resources */,
			);
			runOnlyForDeploymentPostprocessing = 0;
		};
/* End PBXResourcesBuildPhase section */

/* Begin PBXSourcesBuildPhase section */
		60AE814A2A66D5E6000E992F /* Sources */ = {
			isa = PBXSourcesBuildPhase;
			buildActionMask = 2147483647;
			files = (
				6045D9042A696D1D00782914 /* AboutView.swift in Sources */,
				6045D9022A696D0D00782914 /* HistoryView.swift in Sources */,
				60AE81522A66D5E6000E992F /* DPIProject2App.swift in Sources */,
				6045D9082A697E9E00782914 /* TestView.swift in Sources */,
				6045D8FE2A696CEA00782914 /* HomeView.swift in Sources */,
				6045D9002A696CFD00782914 /* CalculationView.swift in Sources */,
				6045D8F52A69501300782914 /* MainTabView.swift in Sources */,
				605288482A6AC88A0046D829 /* MainTabbedItems.swift in Sources */,
			);
			runOnlyForDeploymentPostprocessing = 0;
		};
/* End PBXSourcesBuildPhase section */

/* Begin PBXVariantGroup section */
		6045D8FA2A69586D00782914 /* Localizable.strings */ = {
			isa = PBXVariantGroup;
			children = (
				6045D8F92A69586D00782914 /* en */,
				6045D8FB2A69587200782914 /* pl */,
			);
			name = Localizable.strings;
			sourceTree = "<group>";
		};
/* End PBXVariantGroup section */

/* Begin XCBuildConfiguration section */
		60AE815A2A66D5E7000E992F /* Debug */ = {
			isa = XCBuildConfiguration;
			buildSettings = {
				ALWAYS_SEARCH_USER_PATHS = NO;
				CLANG_ANALYZER_NONNULL = YES;
				CLANG_ANALYZER_NUMBER_OBJECT_CONVERSION = YES_AGGRESSIVE;
				CLANG_CXX_LANGUAGE_STANDARD = "gnu++20";
				CLANG_ENABLE_MODULES = YES;
				CLANG_ENABLE_OBJC_ARC = YES;
				CLANG_ENABLE_OBJC_WEAK = YES;
				CLANG_WARN_BLOCK_CAPTURE_AUTORELEASING = YES;
				CLANG_WARN_BOOL_CONVERSION = YES;
				CLANG_WARN_COMMA = YES;
				CLANG_WARN_CONSTANT_CONVERSION = YES;
				CLANG_WARN_DEPRECATED_OBJC_IMPLEMENTATIONS = YES;
				CLANG_WARN_DIRECT_OBJC_ISA_USAGE = YES_ERROR;
				CLANG_WARN_DOCUMENTATION_COMMENTS = YES;
				CLANG_WARN_EMPTY_BODY = YES;
				CLANG_WARN_ENUM_CONVERSION = YES;
				CLANG_WARN_INFINITE_RECURSION = YES;
				CLANG_WARN_INT_CONVERSION = YES;
				CLANG_WARN_NON_LITERAL_NULL_CONVERSION = YES;
				CLANG_WARN_OBJC_IMPLICIT_RETAIN_SELF = YES;
				CLANG_WARN_OBJC_LITERAL_CONVERSION = YES;
				CLANG_WARN_OBJC_ROOT_CLASS = YES_ERROR;
				CLANG_WARN_QUOTED_INCLUDE_IN_FRAMEWORK_HEADER = YES;
				CLANG_WARN_RANGE_LOOP_ANALYSIS = YES;
				CLANG_WARN_STRICT_PROTOTYPES = YES;
				CLANG_WARN_SUSPICIOUS_MOVE = YES;
				CLANG_WARN_UNGUARDED_AVAILABILITY = YES_AGGRESSIVE;
				CLANG_WARN_UNREACHABLE_CODE = YES;
				CLANG_WARN__DUPLICATE_METHOD_MATCH = YES;
				COPY_PHASE_STRIP = NO;
				DEBUG_INFORMATION_FORMAT = dwarf;
				ENABLE_STRICT_OBJC_MSGSEND = YES;
				ENABLE_TESTABILITY = YES;
				GCC_C_LANGUAGE_STANDARD = gnu11;
				GCC_DYNAMIC_NO_PIC = NO;
				GCC_NO_COMMON_BLOCKS = YES;
				GCC_OPTIMIZATION_LEVEL = 0;
				GCC_PREPROCESSOR_DEFINITIONS = (
					"DEBUG=1",
					"$(inherited)",
				);
				GCC_WARN_64_TO_32_BIT_CONVERSION = YES;
				GCC_WARN_ABOUT_RETURN_TYPE = YES_ERROR;
				GCC_WARN_UNDECLARED_SELECTOR = YES;
				GCC_WARN_UNINITIALIZED_AUTOS = YES_AGGRESSIVE;
				GCC_WARN_UNUSED_FUNCTION = YES;
				GCC_WARN_UNUSED_VARIABLE = YES;
				IPHONEOS_DEPLOYMENT_TARGET = 16.0;
				MTL_ENABLE_DEBUG_INFO = INCLUDE_SOURCE;
				MTL_FAST_MATH = YES;
				ONLY_ACTIVE_ARCH = YES;
				SDKROOT = iphoneos;
				SWIFT_ACTIVE_COMPILATION_CONDITIONS = DEBUG;
				SWIFT_OPTIMIZATION_LEVEL = "-Onone";
			};
			name = Debug;
		};
		60AE815B2A66D5E7000E992F /* Release */ = {
			isa = XCBuildConfiguration;
			buildSettings = {
				ALWAYS_SEARCH_USER_PATHS = NO;
				CLANG_ANALYZER_NONNULL = YES;
				CLANG_ANALYZER_NUMBER_OBJECT_CONVERSION = YES_AGGRESSIVE;
				CLANG_CXX_LANGUAGE_STANDARD = "gnu++20";
				CLANG_ENABLE_MODULES = YES;
				CLANG_ENABLE_OBJC_ARC = YES;
				CLANG_ENABLE_OBJC_WEAK = YES;
				CLANG_WARN_BLOCK_CAPTURE_AUTORELEASING = YES;
				CLANG_WARN_BOOL_CONVERSION = YES;
				CLANG_WARN_COMMA = YES;
				CLANG_WARN_CONSTANT_CONVERSION = YES;
				CLANG_WARN_DEPRECATED_OBJC_IMPLEMENTATIONS = YES;
				CLANG_WARN_DIRECT_OBJC_ISA_USAGE = YES_ERROR;
				CLANG_WARN_DOCUMENTATION_COMMENTS = YES;
				CLANG_WARN_EMPTY_BODY = YES;
				CLANG_WARN_ENUM_CONVERSION = YES;
				CLANG_WARN_INFINITE_RECURSION = YES;
				CLANG_WARN_INT_CONVERSION = YES;
				CLANG_WARN_NON_LITERAL_NULL_CONVERSION = YES;
				CLANG_WARN_OBJC_IMPLICIT_RETAIN_SELF = YES;
				CLANG_WARN_OBJC_LITERAL_CONVERSION = YES;
				CLANG_WARN_OBJC_ROOT_CLASS = YES_ERROR;
				CLANG_WARN_QUOTED_INCLUDE_IN_FRAMEWORK_HEADER = YES;
				CLANG_WARN_RANGE_LOOP_ANALYSIS = YES;
				CLANG_WARN_STRICT_PROTOTYPES = YES;
				CLANG_WARN_SUSPICIOUS_MOVE = YES;
				CLANG_WARN_UNGUARDED_AVAILABILITY = YES_AGGRESSIVE;
				CLANG_WARN_UNREACHABLE_CODE = YES;
				CLANG_WARN__DUPLICATE_METHOD_MATCH = YES;
				COPY_PHASE_STRIP = NO;
				DEBUG_INFORMATION_FORMAT = "dwarf-with-dsym";
				ENABLE_NS_ASSERTIONS = NO;
				ENABLE_STRICT_OBJC_MSGSEND = YES;
				GCC_C_LANGUAGE_STANDARD = gnu11;
				GCC_NO_COMMON_BLOCKS = YES;
				GCC_WARN_64_TO_32_BIT_CONVERSION = YES;
				GCC_WARN_ABOUT_RETURN_TYPE = YES_ERROR;
				GCC_WARN_UNDECLARED_SELECTOR = YES;
				GCC_WARN_UNINITIALIZED_AUTOS = YES_AGGRESSIVE;
				GCC_WARN_UNUSED_FUNCTION = YES;
				GCC_WARN_UNUSED_VARIABLE = YES;
				IPHONEOS_DEPLOYMENT_TARGET = 16.0;
				MTL_ENABLE_DEBUG_INFO = NO;
				MTL_FAST_MATH = YES;
				SDKROOT = iphoneos;
				SWIFT_COMPILATION_MODE = wholemodule;
				SWIFT_OPTIMIZATION_LEVEL = "-O";
				VALIDATE_PRODUCT = YES;
			};
			name = Release;
		};
		60AE815D2A66D5E7000E992F /* Debug */ = {
			isa = XCBuildConfiguration;
			buildSettings = {
				ASSETCATALOG_COMPILER_APPICON_NAME = AppIcon;
				ASSETCATALOG_COMPILER_GLOBAL_ACCENT_COLOR_NAME = AccentColor;
				CODE_SIGN_STYLE = Automatic;
				CURRENT_PROJECT_VERSION = 1;
				DEVELOPMENT_ASSET_PATHS = "\"dpiProject2/Preview Content\"";
				DEVELOPMENT_TEAM = 925758Y7C6;
				ENABLE_PREVIEWS = YES;
				GENERATE_INFOPLIST_FILE = YES;
				INFOPLIST_KEY_CFBundleDisplayName = DPICalculator;
				INFOPLIST_KEY_UIApplicationSceneManifest_Generation = YES;
				INFOPLIST_KEY_UIApplicationSupportsIndirectInputEvents = YES;
				INFOPLIST_KEY_UILaunchScreen_Generation = YES;
				INFOPLIST_KEY_UISupportedInterfaceOrientations_iPad = "UIInterfaceOrientationPortrait UIInterfaceOrientationPortraitUpsideDown UIInterfaceOrientationLandscapeLeft UIInterfaceOrientationLandscapeRight";
				INFOPLIST_KEY_UISupportedInterfaceOrientations_iPhone = "UIInterfaceOrientationPortrait UIInterfaceOrientationLandscapeLeft UIInterfaceOrientationLandscapeRight";
				LD_RUNPATH_SEARCH_PATHS = (
					"$(inherited)",
					"@executable_path/Frameworks",
				);
				MARKETING_VERSION = 1.0;
				PRODUCT_BUNDLE_IDENTIFIER = pl.fefercode.dpiProject2;
				PRODUCT_NAME = "$(TARGET_NAME)";
				SWIFT_EMIT_LOC_STRINGS = YES;
				SWIFT_VERSION = 5.0;
				TARGETED_DEVICE_FAMILY = "1,2";
			};
			name = Debug;
		};
		60AE815E2A66D5E7000E992F /* Release */ = {
			isa = XCBuildConfiguration;
			buildSettings = {
				ASSETCATALOG_COMPILER_APPICON_NAME = AppIcon;
				ASSETCATALOG_COMPILER_GLOBAL_ACCENT_COLOR_NAME = AccentColor;
				CODE_SIGN_STYLE = Automatic;
				CURRENT_PROJECT_VERSION = 1;
				DEVELOPMENT_ASSET_PATHS = "\"dpiProject2/Preview Content\"";
				DEVELOPMENT_TEAM = 925758Y7C6;
				ENABLE_PREVIEWS = YES;
				GENERATE_INFOPLIST_FILE = YES;
				INFOPLIST_KEY_CFBundleDisplayName = DPICalculator;
				INFOPLIST_KEY_UIApplicationSceneManifest_Generation = YES;
				INFOPLIST_KEY_UIApplicationSupportsIndirectInputEvents = YES;
				INFOPLIST_KEY_UILaunchScreen_Generation = YES;
				INFOPLIST_KEY_UISupportedInterfaceOrientations_iPad = "UIInterfaceOrientationPortrait UIInterfaceOrientationPortraitUpsideDown UIInterfaceOrientationLandscapeLeft UIInterfaceOrientationLandscapeRight";
				INFOPLIST_KEY_UISupportedInterfaceOrientations_iPhone = "UIInterfaceOrientationPortrait UIInterfaceOrientationLandscapeLeft UIInterfaceOrientationLandscapeRight";
				LD_RUNPATH_SEARCH_PATHS = (
					"$(inherited)",
					"@executable_path/Frameworks",
				);
				MARKETING_VERSION = 1.0;
				PRODUCT_BUNDLE_IDENTIFIER = pl.fefercode.dpiProject2;
				PRODUCT_NAME = "$(TARGET_NAME)";
				SWIFT_EMIT_LOC_STRINGS = YES;
				SWIFT_VERSION = 5.0;
				TARGETED_DEVICE_FAMILY = "1,2";
			};
			name = Release;
		};
/* End XCBuildConfiguration section */

/* Begin XCConfigurationList section */
		60AE81492A66D5E6000E992F /* Build configuration list for PBXProject "dpiProject2" */ = {
			isa = XCConfigurationList;
			buildConfigurations = (
				60AE815A2A66D5E7000E992F /* Debug */,
				60AE815B2A66D5E7000E992F /* Release */,
			);
			defaultConfigurationIsVisible = 0;
			defaultConfigurationName = Release;
		};
		60AE815C2A66D5E7000E992F /* Build configuration list for PBXNativeTarget "dpiProject2" */ = {
			isa = XCConfigurationList;
			buildConfigurations = (
				60AE815D2A66D5E7000E992F /* Debug */,
				60AE815E2A66D5E7000E992F /* Release */,
			);
			defaultConfigurationIsVisible = 0;
			defaultConfigurationName = Release;
		};
/* End XCConfigurationList section */

/* Begin XCRemoteSwiftPackageReference section */
		60AE815F2A66DCBE000E992F /* XCRemoteSwiftPackageReference "DPICalculations" */ = {
			isa = XCRemoteSwiftPackageReference;
			repositoryURL = "git@github.com:FeferCode/DPICalculations.git";
			requirement = {
				branch = main;
				kind = branch;
			};
		};
/* End XCRemoteSwiftPackageReference section */

/* Begin XCSwiftPackageProductDependency section */
		60AE81602A66DCBE000E992F /* DPICalculations */ = {
			isa = XCSwiftPackageProductDependency;
			package = 60AE815F2A66DCBE000E992F /* XCRemoteSwiftPackageReference "DPICalculations" */;
			productName = DPICalculations;
		};
/* End XCSwiftPackageProductDependency section */
	};
	rootObject = 60AE81462A66D5E6000E992F /* Project object */;
}
