// !$*UTF8*$!
{
	archiveVersion = 1;
	classes = {
	};
	objectVersion = 56;
	objects = {

/* Begin PBXBuildFile section */
		600BED1D2D5E934C009187E5 /* Coordinator.swift in Sources */ = {isa = PBXBuildFile; fileRef = 600BED1C2D5E934C009187E5 /* Coordinator.swift */; };
		601BC8F52D725D2000AB5122 /* AppCoordinator.swift in Sources */ = {isa = PBXBuildFile; fileRef = 601BC8F42D725D0700AB5122 /* AppCoordinator.swift */; };
		603046642D5BA4F6009B5AE0 /* swiftgen.yml in Resources */ = {isa = PBXBuildFile; fileRef = 603046632D5BA4EE009B5AE0 /* swiftgen.yml */; };
		603AB7B22D872E9900E9417B /* TabBarViewModifier.swift in Sources */ = {isa = PBXBuildFile; fileRef = 603AB7B12D872E9900E9417B /* TabBarViewModifier.swift */; };
		603AB7B42D87558800E9417B /* NavigationController.swift in Sources */ = {isa = PBXBuildFile; fileRef = 603AB7B32D87558800E9417B /* NavigationController.swift */; };
		603AB7B62D87560800E9417B /* CompositionCoordinator.swift in Sources */ = {isa = PBXBuildFile; fileRef = 603AB7B52D87560800E9417B /* CompositionCoordinator.swift */; };
		603AB7B82D87564D00E9417B /* FlowCoordinator.swift in Sources */ = {isa = PBXBuildFile; fileRef = 603AB7B72D87564D00E9417B /* FlowCoordinator.swift */; };
		603D49382A72766700BA88D3 /* TabBarItemColorModifier.swift in Sources */ = {isa = PBXBuildFile; fileRef = 603D49372A72766700BA88D3 /* TabBarItemColorModifier.swift */; };
		603D493A2A72768F00BA88D3 /* TabBarColorModifier.swift in Sources */ = {isa = PBXBuildFile; fileRef = 603D49392A72768F00BA88D3 /* TabBarColorModifier.swift */; };
		603D493C2A72770500BA88D3 /* MainTabBarViewItem.swift in Sources */ = {isa = PBXBuildFile; fileRef = 603D493B2A72770500BA88D3 /* MainTabBarViewItem.swift */; };
		603D49412A72907B00BA88D3 /* MainTabBarView.swift in Sources */ = {isa = PBXBuildFile; fileRef = 603D49402A72907B00BA88D3 /* MainTabBarView.swift */; };
		603D49432A72A82C00BA88D3 /* CorrectButton.swift in Sources */ = {isa = PBXBuildFile; fileRef = 603D49422A72A82C00BA88D3 /* CorrectButton.swift */; };
		603EF06A2D5B9B72006C15E4 /* Colors.xcassets in Resources */ = {isa = PBXBuildFile; fileRef = 603EF0692D5B9B72006C15E4 /* Colors.xcassets */; };
		6045D8F52A69501300782914 /* MainTabView.swift in Sources */ = {isa = PBXBuildFile; fileRef = 6045D8F42A69501300782914 /* MainTabView.swift */; };
		6045D8F82A69586D00782914 /* Localizable.strings in Resources */ = {isa = PBXBuildFile; fileRef = 6045D8FA2A69586D00782914 /* Localizable.strings */; };
		6045D8FE2A696CEA00782914 /* HomeView.swift in Sources */ = {isa = PBXBuildFile; fileRef = 6045D8FD2A696CEA00782914 /* HomeView.swift */; };
		6045D9002A696CFD00782914 /* CalculationView.swift in Sources */ = {isa = PBXBuildFile; fileRef = 6045D8FF2A696CFD00782914 /* CalculationView.swift */; };
		6045D9022A696D0D00782914 /* HistoryView.swift in Sources */ = {isa = PBXBuildFile; fileRef = 6045D9012A696D0D00782914 /* HistoryView.swift */; };
		6045D9042A696D1D00782914 /* AboutView.swift in Sources */ = {isa = PBXBuildFile; fileRef = 6045D9032A696D1D00782914 /* AboutView.swift */; };
		6045D9082A697E9E00782914 /* TestView.swift in Sources */ = {isa = PBXBuildFile; fileRef = 6045D9072A697E9E00782914 /* TestView.swift */; };
		605288482A6AC88A0046D829 /* MainTabItems.swift in Sources */ = {isa = PBXBuildFile; fileRef = 605288472A6AC88A0046D829 /* MainTabItems.swift */; };
		6075A4102D5C921500F80812 /* DPIAssets.swift in Sources */ = {isa = PBXBuildFile; fileRef = 6075A40E2D5C921500F80812 /* DPIAssets.swift */; };
		6075A4112D5C921500F80812 /* DPIStrings.swift in Sources */ = {isa = PBXBuildFile; fileRef = 6075A40F2D5C921500F80812 /* DPIStrings.swift */; };
		60963D9B2D883CDB00BE61CA /* CalculationCoordinator.swift in Sources */ = {isa = PBXBuildFile; fileRef = 60963D9A2D883CDB00BE61CA /* CalculationCoordinator.swift */; };
		60963D9D2D883E9B00BE61CA /* HistoryCoordinator.swift in Sources */ = {isa = PBXBuildFile; fileRef = 60963D9C2D883E9B00BE61CA /* HistoryCoordinator.swift */; };
		60963D9F2D883EA900BE61CA /* AboutCoordinator.swift in Sources */ = {isa = PBXBuildFile; fileRef = 60963D9E2D883EA900BE61CA /* AboutCoordinator.swift */; };
		60963DA12D8859AB00BE61CA /* CalculatorViewModel.swift in Sources */ = {isa = PBXBuildFile; fileRef = 60963DA02D8859AB00BE61CA /* CalculatorViewModel.swift */; };
		60963DA42D88678600BE61CA /* SettingsView.swift in Sources */ = {isa = PBXBuildFile; fileRef = 60963DA32D88678600BE61CA /* SettingsView.swift */; };
		60963DA62D886EAF00BE61CA /* SettingsCoordinator.swift in Sources */ = {isa = PBXBuildFile; fileRef = 60963DA52D886EAF00BE61CA /* SettingsCoordinator.swift */; };
		60A87BFD2D876B2A00129502 /* NavigatingView.swift in Sources */ = {isa = PBXBuildFile; fileRef = 60A87BFC2D876B2A00129502 /* NavigatingView.swift */; };
		60A87BFF2D876F9C00129502 /* NavigationType.swift in Sources */ = {isa = PBXBuildFile; fileRef = 60A87BFE2D876F9C00129502 /* NavigationType.swift */; };
		60A87C012D8773ED00129502 /* Sequence+FirstOfType.swift in Sources */ = {isa = PBXBuildFile; fileRef = 60A87C002D8773ED00129502 /* Sequence+FirstOfType.swift */; };
		60AE81522A66D5E6000E992F /* PPIProject2App.swift in Sources */ = {isa = PBXBuildFile; fileRef = 60AE81512A66D5E6000E992F /* PPIProject2App.swift */; };
		60AE81562A66D5E7000E992F /* Images.xcassets in Resources */ = {isa = PBXBuildFile; fileRef = 60AE81552A66D5E7000E992F /* Images.xcassets */; };
		60AE81612A66DCBE000E992F /* DPICalculations in Frameworks */ = {isa = PBXBuildFile; productRef = 60AE81602A66DCBE000E992F /* DPICalculations */; };
		60E0CD8B2D64BD6400B4DBC6 /* Route.swift in Sources */ = {isa = PBXBuildFile; fileRef = 60E0CD8A2D64BD5A00B4DBC6 /* Route.swift */; };
		60E0CD8E2D64C12800B4DBC6 /* MainTabCoordinator.swift in Sources */ = {isa = PBXBuildFile; fileRef = 60E0CD8D2D64C11C00B4DBC6 /* MainTabCoordinator.swift */; };
		60E0CD902D6505BD00B4DBC6 /* HomeCoordinator.swift in Sources */ = {isa = PBXBuildFile; fileRef = 60E0CD8F2D6505A800B4DBC6 /* HomeCoordinator.swift */; };
		60E0CD922D650CEB00B4DBC6 /* HomeViewModel.swift in Sources */ = {isa = PBXBuildFile; fileRef = 60E0CD912D650CE400B4DBC6 /* HomeViewModel.swift */; };
		60E0CD942D6511F500B4DBC6 /* MainTabViewModel.swift in Sources */ = {isa = PBXBuildFile; fileRef = 60E0CD932D6511EC00B4DBC6 /* MainTabViewModel.swift */; };
		60E0CD962D6524BC00B4DBC6 /* NavigationSetupModifier.swift in Sources */ = {isa = PBXBuildFile; fileRef = 60E0CD952D6524B900B4DBC6 /* NavigationSetupModifier.swift */; };
		60E0CD982D65289A00B4DBC6 /* HomeViewModifier.swift in Sources */ = {isa = PBXBuildFile; fileRef = 60E0CD972D65289700B4DBC6 /* HomeViewModifier.swift */; };
/* End PBXBuildFile section */

/* Begin PBXFileReference section */
		600BED1C2D5E934C009187E5 /* Coordinator.swift */ = {isa = PBXFileReference; lastKnownFileType = sourcecode.swift; path = Coordinator.swift; sourceTree = "<group>"; };
		601BC8F42D725D0700AB5122 /* AppCoordinator.swift */ = {isa = PBXFileReference; lastKnownFileType = sourcecode.swift; path = AppCoordinator.swift; sourceTree = "<group>"; };
		603046632D5BA4EE009B5AE0 /* swiftgen.yml */ = {isa = PBXFileReference; lastKnownFileType = text.yaml; path = swiftgen.yml; sourceTree = "<group>"; };
		603AB7B12D872E9900E9417B /* TabBarViewModifier.swift */ = {isa = PBXFileReference; lastKnownFileType = sourcecode.swift; path = TabBarViewModifier.swift; sourceTree = "<group>"; };
		603AB7B32D87558800E9417B /* NavigationController.swift */ = {isa = PBXFileReference; lastKnownFileType = sourcecode.swift; path = NavigationController.swift; sourceTree = "<group>"; };
		603AB7B52D87560800E9417B /* CompositionCoordinator.swift */ = {isa = PBXFileReference; lastKnownFileType = sourcecode.swift; path = CompositionCoordinator.swift; sourceTree = "<group>"; };
		603AB7B72D87564D00E9417B /* FlowCoordinator.swift */ = {isa = PBXFileReference; lastKnownFileType = sourcecode.swift; path = FlowCoordinator.swift; sourceTree = "<group>"; };
		603D49372A72766700BA88D3 /* TabBarItemColorModifier.swift */ = {isa = PBXFileReference; lastKnownFileType = sourcecode.swift; path = TabBarItemColorModifier.swift; sourceTree = "<group>"; };
		603D49392A72768F00BA88D3 /* TabBarColorModifier.swift */ = {isa = PBXFileReference; lastKnownFileType = sourcecode.swift; path = TabBarColorModifier.swift; sourceTree = "<group>"; };
		603D493B2A72770500BA88D3 /* MainTabBarViewItem.swift */ = {isa = PBXFileReference; lastKnownFileType = sourcecode.swift; path = MainTabBarViewItem.swift; sourceTree = "<group>"; };
		603D49402A72907B00BA88D3 /* MainTabBarView.swift */ = {isa = PBXFileReference; lastKnownFileType = sourcecode.swift; path = MainTabBarView.swift; sourceTree = "<group>"; };
		603D49422A72A82C00BA88D3 /* CorrectButton.swift */ = {isa = PBXFileReference; lastKnownFileType = sourcecode.swift; path = CorrectButton.swift; sourceTree = "<group>"; };
		603EF0692D5B9B72006C15E4 /* Colors.xcassets */ = {isa = PBXFileReference; lastKnownFileType = folder.assetcatalog; path = Colors.xcassets; sourceTree = "<group>"; };
		6045D8F42A69501300782914 /* MainTabView.swift */ = {isa = PBXFileReference; lastKnownFileType = sourcecode.swift; path = MainTabView.swift; sourceTree = "<group>"; };
		6045D8F92A69586D00782914 /* en */ = {isa = PBXFileReference; lastKnownFileType = text.plist.strings; name = en; path = en.lproj/Localizable.strings; sourceTree = "<group>"; };
		6045D8FB2A69587200782914 /* pl */ = {isa = PBXFileReference; lastKnownFileType = text.plist.strings; name = pl; path = pl.lproj/Localizable.strings; sourceTree = "<group>"; };
		6045D8FD2A696CEA00782914 /* HomeView.swift */ = {isa = PBXFileReference; lastKnownFileType = sourcecode.swift; path = HomeView.swift; sourceTree = "<group>"; };
		6045D8FF2A696CFD00782914 /* CalculationView.swift */ = {isa = PBXFileReference; lastKnownFileType = sourcecode.swift; path = CalculationView.swift; sourceTree = "<group>"; };
		6045D9012A696D0D00782914 /* HistoryView.swift */ = {isa = PBXFileReference; lastKnownFileType = sourcecode.swift; path = HistoryView.swift; sourceTree = "<group>"; };
		6045D9032A696D1D00782914 /* AboutView.swift */ = {isa = PBXFileReference; lastKnownFileType = sourcecode.swift; path = AboutView.swift; sourceTree = "<group>"; };
		6045D9072A697E9E00782914 /* TestView.swift */ = {isa = PBXFileReference; lastKnownFileType = sourcecode.swift; path = TestView.swift; sourceTree = "<group>"; };
		605288472A6AC88A0046D829 /* MainTabItems.swift */ = {isa = PBXFileReference; lastKnownFileType = sourcecode.swift; path = MainTabItems.swift; sourceTree = "<group>"; };
		6075A40E2D5C921500F80812 /* DPIAssets.swift */ = {isa = PBXFileReference; lastKnownFileType = sourcecode.swift; path = DPIAssets.swift; sourceTree = "<group>"; };
		6075A40F2D5C921500F80812 /* DPIStrings.swift */ = {isa = PBXFileReference; lastKnownFileType = sourcecode.swift; path = DPIStrings.swift; sourceTree = "<group>"; };
		60963D9A2D883CDB00BE61CA /* CalculationCoordinator.swift */ = {isa = PBXFileReference; lastKnownFileType = sourcecode.swift; path = CalculationCoordinator.swift; sourceTree = "<group>"; };
		60963D9C2D883E9B00BE61CA /* HistoryCoordinator.swift */ = {isa = PBXFileReference; lastKnownFileType = sourcecode.swift; path = HistoryCoordinator.swift; sourceTree = "<group>"; };
		60963D9E2D883EA900BE61CA /* AboutCoordinator.swift */ = {isa = PBXFileReference; lastKnownFileType = sourcecode.swift; path = AboutCoordinator.swift; sourceTree = "<group>"; };
		60963DA02D8859AB00BE61CA /* CalculatorViewModel.swift */ = {isa = PBXFileReference; lastKnownFileType = sourcecode.swift; path = CalculatorViewModel.swift; sourceTree = "<group>"; };
		60963DA32D88678600BE61CA /* SettingsView.swift */ = {isa = PBXFileReference; lastKnownFileType = sourcecode.swift; path = SettingsView.swift; sourceTree = "<group>"; };
		60963DA52D886EAF00BE61CA /* SettingsCoordinator.swift */ = {isa = PBXFileReference; lastKnownFileType = sourcecode.swift; path = SettingsCoordinator.swift; sourceTree = "<group>"; };
		60A87BFC2D876B2A00129502 /* NavigatingView.swift */ = {isa = PBXFileReference; lastKnownFileType = sourcecode.swift; path = NavigatingView.swift; sourceTree = "<group>"; };
		60A87BFE2D876F9C00129502 /* NavigationType.swift */ = {isa = PBXFileReference; lastKnownFileType = sourcecode.swift; path = NavigationType.swift; sourceTree = "<group>"; };
		60A87C002D8773ED00129502 /* Sequence+FirstOfType.swift */ = {isa = PBXFileReference; lastKnownFileType = sourcecode.swift; path = "Sequence+FirstOfType.swift"; sourceTree = "<group>"; };
		60AE814E2A66D5E6000E992F /* PPIProject2.app */ = {isa = PBXFileReference; explicitFileType = wrapper.application; includeInIndex = 0; path = PPIProject2.app; sourceTree = BUILT_PRODUCTS_DIR; };
		60AE81512A66D5E6000E992F /* PPIProject2App.swift */ = {isa = PBXFileReference; lastKnownFileType = sourcecode.swift; path = PPIProject2App.swift; sourceTree = "<group>"; };
		60AE81552A66D5E7000E992F /* Images.xcassets */ = {isa = PBXFileReference; lastKnownFileType = folder.assetcatalog; path = Images.xcassets; sourceTree = "<group>"; };
		60E0CD8A2D64BD5A00B4DBC6 /* Route.swift */ = {isa = PBXFileReference; lastKnownFileType = sourcecode.swift; path = Route.swift; sourceTree = "<group>"; };
		60E0CD8D2D64C11C00B4DBC6 /* MainTabCoordinator.swift */ = {isa = PBXFileReference; lastKnownFileType = sourcecode.swift; path = MainTabCoordinator.swift; sourceTree = "<group>"; };
		60E0CD8F2D6505A800B4DBC6 /* HomeCoordinator.swift */ = {isa = PBXFileReference; lastKnownFileType = sourcecode.swift; path = HomeCoordinator.swift; sourceTree = "<group>"; };
		60E0CD912D650CE400B4DBC6 /* HomeViewModel.swift */ = {isa = PBXFileReference; lastKnownFileType = sourcecode.swift; path = HomeViewModel.swift; sourceTree = "<group>"; };
		60E0CD932D6511EC00B4DBC6 /* MainTabViewModel.swift */ = {isa = PBXFileReference; lastKnownFileType = sourcecode.swift; path = MainTabViewModel.swift; sourceTree = "<group>"; };
		60E0CD952D6524B900B4DBC6 /* NavigationSetupModifier.swift */ = {isa = PBXFileReference; lastKnownFileType = sourcecode.swift; path = NavigationSetupModifier.swift; sourceTree = "<group>"; };
		60E0CD972D65289700B4DBC6 /* HomeViewModifier.swift */ = {isa = PBXFileReference; lastKnownFileType = sourcecode.swift; path = HomeViewModifier.swift; sourceTree = "<group>"; };
/* End PBXFileReference section */

/* Begin PBXFrameworksBuildPhase section */
		60AE814B2A66D5E6000E992F /* Frameworks */ = {
			isa = PBXFrameworksBuildPhase;
			buildActionMask = 2147483647;
			files = (
				60AE81612A66DCBE000E992F /* DPICalculations in Frameworks */,
			);
			runOnlyForDeploymentPostprocessing = 0;
		};
/* End PBXFrameworksBuildPhase section */

/* Begin PBXGroup section */
		600BED0F2D5E29E0009187E5 /* Models */ = {
			isa = PBXGroup;
			children = (
			);
			path = Models;
			sourceTree = "<group>";
		};
		600BED102D5E29EF009187E5 /* Views */ = {
			isa = PBXGroup;
			children = (
				6045D8FD2A696CEA00782914 /* HomeView.swift */,
			);
			path = Views;
			sourceTree = "<group>";
		};
		600BED112D5E29FF009187E5 /* ViewModels */ = {
			isa = PBXGroup;
			children = (
				60E0CD912D650CE400B4DBC6 /* HomeViewModel.swift */,
			);
			path = ViewModels;
			sourceTree = "<group>";
		};
		600BED122D5E2AD9009187E5 /* DatabaseService */ = {
			isa = PBXGroup;
			children = (
			);
			path = DatabaseService;
			sourceTree = "<group>";
		};
		600BED132D5E2B05009187E5 /* Extensions */ = {
			isa = PBXGroup;
			children = (
				60A87C002D8773ED00129502 /* Sequence+FirstOfType.swift */,
			);
			path = Extensions;
			sourceTree = "<group>";
		};
		600BED142D5E2B0B009187E5 /* Helpers */ = {
			isa = PBXGroup;
			children = (
				60E0CD952D6524B900B4DBC6 /* NavigationSetupModifier.swift */,
			);
			path = Helpers;
			sourceTree = "<group>";
		};
		600BED152D5E7C0C009187E5 /* ViewModels */ = {
			isa = PBXGroup;
			children = (
				60963DA02D8859AB00BE61CA /* CalculatorViewModel.swift */,
			);
			path = ViewModels;
			sourceTree = "<group>";
		};
		600BED162D5E7C13009187E5 /* Views */ = {
			isa = PBXGroup;
			children = (
				6045D8FF2A696CFD00782914 /* CalculationView.swift */,
			);
			path = Views;
			sourceTree = "<group>";
		};
		600BED172D5E7C2A009187E5 /* Models */ = {
			isa = PBXGroup;
			children = (
			);
			path = Models;
			sourceTree = "<group>";
		};
		600BED182D5E7CD6009187E5 /* ViewModels */ = {
			isa = PBXGroup;
			children = (
				60E0CD932D6511EC00B4DBC6 /* MainTabViewModel.swift */,
			);
			path = ViewModels;
			sourceTree = "<group>";
		};
		600BED192D5E7CDD009187E5 /* Models */ = {
			isa = PBXGroup;
			children = (
			);
			path = Models;
			sourceTree = "<group>";
		};
		600BED1A2D5E80D5009187E5 /* ViewModifiers */ = {
			isa = PBXGroup;
			children = (
				60E0CD972D65289700B4DBC6 /* HomeViewModifier.swift */,
			);
			path = ViewModifiers;
			sourceTree = "<group>";
		};
		600BED1B2D5E80DE009187E5 /* ViewModifiers */ = {
			isa = PBXGroup;
			children = (
			);
			path = ViewModifiers;
			sourceTree = "<group>";
		};
		603046652D5BA612009B5AE0 /* Localizable */ = {
			isa = PBXGroup;
			children = (
				6045D8FA2A69586D00782914 /* Localizable.strings */,
			);
			path = Localizable;
			sourceTree = "<group>";
		};
		603D492D2A72708E00BA88D3 /* Home */ = {
			isa = PBXGroup;
			children = (
				600BED102D5E29EF009187E5 /* Views */,
				600BED1A2D5E80D5009187E5 /* ViewModifiers */,
				600BED112D5E29FF009187E5 /* ViewModels */,
				600BED0F2D5E29E0009187E5 /* Models */,
			);
			path = Home;
			sourceTree = "<group>";
		};
		603D492F2A7270A900BA88D3 /* MainTab */ = {
			isa = PBXGroup;
			children = (
				603D49352A7273AB00BA88D3 /* Views */,
				603D49362A7273C400BA88D3 /* ViewModifiers */,
				600BED182D5E7CD6009187E5 /* ViewModels */,
				600BED192D5E7CDD009187E5 /* Models */,
			);
			path = MainTab;
			sourceTree = "<group>";
		};
		603D49342A72737800BA88D3 /* Features */ = {
			isa = PBXGroup;
			children = (
				603D492F2A7270A900BA88D3 /* MainTab */,
				603D492D2A72708E00BA88D3 /* Home */,
				603D493D2A7277A800BA88D3 /* Calculation */,
				603D493E2A727A3700BA88D3 /* History */,
				603D493F2A727A3E00BA88D3 /* About */,
				60963DA22D885AB800BE61CA /* Settings */,
			);
			path = Features;
			sourceTree = "<group>";
		};
		603D49352A7273AB00BA88D3 /* Views */ = {
			isa = PBXGroup;
			children = (
				6045D8F42A69501300782914 /* MainTabView.swift */,
				603D49402A72907B00BA88D3 /* MainTabBarView.swift */,
				603D493B2A72770500BA88D3 /* MainTabBarViewItem.swift */,
			);
			path = Views;
			sourceTree = "<group>";
		};
		603D49362A7273C400BA88D3 /* ViewModifiers */ = {
			isa = PBXGroup;
			children = (
				603D49372A72766700BA88D3 /* TabBarItemColorModifier.swift */,
				603D49392A72768F00BA88D3 /* TabBarColorModifier.swift */,
				603AB7B12D872E9900E9417B /* TabBarViewModifier.swift */,
			);
			path = ViewModifiers;
			sourceTree = "<group>";
		};
		603D493D2A7277A800BA88D3 /* Calculation */ = {
			isa = PBXGroup;
			children = (
				600BED162D5E7C13009187E5 /* Views */,
				600BED1B2D5E80DE009187E5 /* ViewModifiers */,
				600BED152D5E7C0C009187E5 /* ViewModels */,
				600BED172D5E7C2A009187E5 /* Models */,
			);
			path = Calculation;
			sourceTree = "<group>";
		};
		603D493E2A727A3700BA88D3 /* History */ = {
			isa = PBXGroup;
			children = (
				6045D9012A696D0D00782914 /* HistoryView.swift */,
			);
			path = History;
			sourceTree = "<group>";
		};
		603D493F2A727A3E00BA88D3 /* About */ = {
			isa = PBXGroup;
			children = (
				6045D9032A696D1D00782914 /* AboutView.swift */,
			);
			path = About;
			sourceTree = "<group>";
		};
		603EF0612D5A8EE3006C15E4 /* Coordinators */ = {
			isa = PBXGroup;
			children = (
				60E0CD8C2D64C09900B4DBC6 /* Navigation */,
				601BC8F42D725D0700AB5122 /* AppCoordinator.swift */,
				60E0CD8D2D64C11C00B4DBC6 /* MainTabCoordinator.swift */,
				60E0CD8F2D6505A800B4DBC6 /* HomeCoordinator.swift */,
				60963D9A2D883CDB00BE61CA /* CalculationCoordinator.swift */,
				60963D9C2D883E9B00BE61CA /* HistoryCoordinator.swift */,
				60963D9E2D883EA900BE61CA /* AboutCoordinator.swift */,
				60963DA52D886EAF00BE61CA /* SettingsCoordinator.swift */,
			);
			path = Coordinators;
			sourceTree = "<group>";
		};
		603EF0622D5A8EF2006C15E4 /* Services */ = {
			isa = PBXGroup;
			children = (
				600BED122D5E2AD9009187E5 /* DatabaseService */,
			);
			path = Services;
			sourceTree = "<group>";
		};
		603EF0632D5A8F04006C15E4 /* Utilities */ = {
			isa = PBXGroup;
			children = (
				600BED132D5E2B05009187E5 /* Extensions */,
				600BED142D5E2B0B009187E5 /* Helpers */,
			);
			path = Utilities;
			sourceTree = "<group>";
		};
		603EF0662D5B9A58006C15E4 /* Generated */ = {
			isa = PBXGroup;
			children = (
				6075A40E2D5C921500F80812 /* DPIAssets.swift */,
				6075A40F2D5C921500F80812 /* DPIStrings.swift */,
			);
			path = Generated;
			sourceTree = "<group>";
		};
		6045D8F32A69442A00782914 /* TestFeatures */ = {
			isa = PBXGroup;
			children = (
				6045D9072A697E9E00782914 /* TestView.swift */,
				603D49422A72A82C00BA88D3 /* CorrectButton.swift */,
			);
			path = TestFeatures;
			sourceTree = "<group>";
		};
		6045D8FC2A6958A700782914 /* Resources */ = {
			isa = PBXGroup;
			children = (
				603046652D5BA612009B5AE0 /* Localizable */,
				603EF0662D5B9A58006C15E4 /* Generated */,
				603046632D5BA4EE009B5AE0 /* swiftgen.yml */,
				60AE81552A66D5E7000E992F /* Images.xcassets */,
				603EF0692D5B9B72006C15E4 /* Colors.xcassets */,
			);
			path = Resources;
			sourceTree = "<group>";
		};
		6045D9062A697E8300782914 /* Shared */ = {
			isa = PBXGroup;
			children = (
				605288472A6AC88A0046D829 /* MainTabItems.swift */,
			);
			path = Shared;
			sourceTree = "<group>";
		};
		60963DA22D885AB800BE61CA /* Settings */ = {
			isa = PBXGroup;
			children = (
				60963DA32D88678600BE61CA /* SettingsView.swift */,
			);
			path = Settings;
			sourceTree = "<group>";
		};
		60AE81452A66D5E6000E992F = {
			isa = PBXGroup;
			children = (
				60AE81502A66D5E6000E992F /* dpiProject2 */,
				60AE814F2A66D5E6000E992F /* Products */,
			);
			sourceTree = "<group>";
		};
		60AE814F2A66D5E6000E992F /* Products */ = {
			isa = PBXGroup;
			children = (
				60AE814E2A66D5E6000E992F /* PPIProject2.app */,
			);
			name = Products;
			sourceTree = "<group>";
		};
		60AE81502A66D5E6000E992F /* dpiProject2 */ = {
			isa = PBXGroup;
			children = (
				60AE81512A66D5E6000E992F /* PPIProject2App.swift */,
				603EF0612D5A8EE3006C15E4 /* Coordinators */,
				603D49342A72737800BA88D3 /* Features */,
				603EF0622D5A8EF2006C15E4 /* Services */,
				6045D8F32A69442A00782914 /* TestFeatures */,
				6045D9062A697E8300782914 /* Shared */,
				603EF0632D5A8F04006C15E4 /* Utilities */,
				6045D8FC2A6958A700782914 /* Resources */,
			);
			path = dpiProject2;
			sourceTree = "<group>";
		};
		60E0CD8C2D64C09900B4DBC6 /* Navigation */ = {
			isa = PBXGroup;
			children = (
				600BED1C2D5E934C009187E5 /* Coordinator.swift */,
				603AB7B72D87564D00E9417B /* FlowCoordinator.swift */,
				603AB7B52D87560800E9417B /* CompositionCoordinator.swift */,
				603AB7B32D87558800E9417B /* NavigationController.swift */,
				60A87BFC2D876B2A00129502 /* NavigatingView.swift */,
				60E0CD8A2D64BD5A00B4DBC6 /* Route.swift */,
				60A87BFE2D876F9C00129502 /* NavigationType.swift */,
			);
			path = Navigation;
			sourceTree = "<group>";
		};
/* End PBXGroup section */

/* Begin PBXNativeTarget section */
		60AE814D2A66D5E6000E992F /* PPIProject2 */ = {
			isa = PBXNativeTarget;
			buildConfigurationList = 60AE815C2A66D5E7000E992F /* Build configuration list for PBXNativeTarget "PPIProject2" */;
			buildPhases = (
				60AE814A2A66D5E6000E992F /* Sources */,
				60AE814B2A66D5E6000E992F /* Frameworks */,
				60AE814C2A66D5E6000E992F /* Resources */,
				603EF06D2D5BA174006C15E4 /* SwiftGen */,
			);
			buildRules = (
			);
			dependencies = (
			);
			name = PPIProject2;
			packageProductDependencies = (
				60AE81602A66DCBE000E992F /* DPICalculations */,
			);
			productName = dpiProject2;
			productReference = 60AE814E2A66D5E6000E992F /* PPIProject2.app */;
			productType = "com.apple.product-type.application";
		};
/* End PBXNativeTarget section */

/* Begin PBXProject section */
		60AE81462A66D5E6000E992F /* Project object */ = {
			isa = PBXProject;
			attributes = {
				BuildIndependentTargetsInParallel = 1;
				LastSwiftUpdateCheck = 1430;
				LastUpgradeCheck = 1620;
				TargetAttributes = {
					60AE814D2A66D5E6000E992F = {
						CreatedOnToolsVersion = 14.3.1;
					};
				};
			};
			buildConfigurationList = 60AE81492A66D5E6000E992F /* Build configuration list for PBXProject "PPIProject2" */;
			compatibilityVersion = "Xcode 14.0";
			developmentRegion = en;
			hasScannedForEncodings = 0;
			knownRegions = (
				en,
				Base,
				pl,
			);
			mainGroup = 60AE81452A66D5E6000E992F;
			packageReferences = (
				60AE815F2A66DCBE000E992F /* XCRemoteSwiftPackageReference "DPICalculations" */,
			);
			productRefGroup = 60AE814F2A66D5E6000E992F /* Products */;
			projectDirPath = "";
			projectRoot = "";
			targets = (
				60AE814D2A66D5E6000E992F /* PPIProject2 */,
			);
		};
/* End PBXProject section */

/* Begin PBXResourcesBuildPhase section */
		60AE814C2A66D5E6000E992F /* Resources */ = {
			isa = PBXResourcesBuildPhase;
			buildActionMask = 2147483647;
			files = (
				603EF06A2D5B9B72006C15E4 /* Colors.xcassets in Resources */,
				603046642D5BA4F6009B5AE0 /* swiftgen.yml in Resources */,
				6045D8F82A69586D00782914 /* Localizable.strings in Resources */,
				60AE81562A66D5E7000E992F /* Images.xcassets in Resources */,
			);
			runOnlyForDeploymentPostprocessing = 0;
		};
/* End PBXResourcesBuildPhase section */

/* Begin PBXShellScriptBuildPhase section */
		603EF06D2D5BA174006C15E4 /* SwiftGen */ = {
			isa = PBXShellScriptBuildPhase;
			buildActionMask = 2147483647;
			files = (
			);
			inputFileListPaths = (
			);
			inputPaths = (
			);
			name = SwiftGen;
			outputFileListPaths = (
			);
			outputPaths = (
			);
			runOnlyForDeploymentPostprocessing = 0;
			shellPath = /bin/sh;
			shellScript = "if which swiftgen >/dev/null; then\n  swiftgen\nelse\n  echo \"warning: SwiftGen not installed, download it from https://github.com/SwiftGen/SwiftGen\"\nfi\n";
		};
/* End PBXShellScriptBuildPhase section */

/* Begin PBXSourcesBuildPhase section */
		60AE814A2A66D5E6000E992F /* Sources */ = {
			isa = PBXSourcesBuildPhase;
			buildActionMask = 2147483647;
			files = (
				6045D9042A696D1D00782914 /* AboutView.swift in Sources */,
				6045D9022A696D0D00782914 /* HistoryView.swift in Sources */,
				60AE81522A66D5E6000E992F /* PPIProject2App.swift in Sources */,
				60A87C012D8773ED00129502 /* Sequence+FirstOfType.swift in Sources */,
				60E0CD922D650CEB00B4DBC6 /* HomeViewModel.swift in Sources */,
				603D49412A72907B00BA88D3 /* MainTabBarView.swift in Sources */,
				60A87BFF2D876F9C00129502 /* NavigationType.swift in Sources */,
				600BED1D2D5E934C009187E5 /* Coordinator.swift in Sources */,
				60963DA62D886EAF00BE61CA /* SettingsCoordinator.swift in Sources */,
				6045D9082A697E9E00782914 /* TestView.swift in Sources */,
				603AB7B62D87560800E9417B /* CompositionCoordinator.swift in Sources */,
				60963D9B2D883CDB00BE61CA /* CalculationCoordinator.swift in Sources */,
				603AB7B82D87564D00E9417B /* FlowCoordinator.swift in Sources */,
				60963D9F2D883EA900BE61CA /* AboutCoordinator.swift in Sources */,
				60A87BFD2D876B2A00129502 /* NavigatingView.swift in Sources */,
				60963DA12D8859AB00BE61CA /* CalculatorViewModel.swift in Sources */,
				6045D8FE2A696CEA00782914 /* HomeView.swift in Sources */,
				60E0CD8E2D64C12800B4DBC6 /* MainTabCoordinator.swift in Sources */,
				6075A4102D5C921500F80812 /* DPIAssets.swift in Sources */,
				6075A4112D5C921500F80812 /* DPIStrings.swift in Sources */,
				60E0CD8B2D64BD6400B4DBC6 /* Route.swift in Sources */,
				6045D9002A696CFD00782914 /* CalculationView.swift in Sources */,
				60963DA42D88678600BE61CA /* SettingsView.swift in Sources */,
				601BC8F52D725D2000AB5122 /* AppCoordinator.swift in Sources */,
				603D49432A72A82C00BA88D3 /* CorrectButton.swift in Sources */,
				60E0CD982D65289A00B4DBC6 /* HomeViewModifier.swift in Sources */,
				603D493A2A72768F00BA88D3 /* TabBarColorModifier.swift in Sources */,
				603D493C2A72770500BA88D3 /* MainTabBarViewItem.swift in Sources */,
				6045D8F52A69501300782914 /* MainTabView.swift in Sources */,
				603AB7B22D872E9900E9417B /* TabBarViewModifier.swift in Sources */,
				603D49382A72766700BA88D3 /* TabBarItemColorModifier.swift in Sources */,
				603AB7B42D87558800E9417B /* NavigationController.swift in Sources */,
				605288482A6AC88A0046D829 /* MainTabItems.swift in Sources */,
				60E0CD902D6505BD00B4DBC6 /* HomeCoordinator.swift in Sources */,
				60E0CD962D6524BC00B4DBC6 /* NavigationSetupModifier.swift in Sources */,
				60E0CD942D6511F500B4DBC6 /* MainTabViewModel.swift in Sources */,
				60963D9D2D883E9B00BE61CA /* HistoryCoordinator.swift in Sources */,
			);
			runOnlyForDeploymentPostprocessing = 0;
		};
/* End PBXSourcesBuildPhase section */

/* Begin PBXVariantGroup section */
		6045D8FA2A69586D00782914 /* Localizable.strings */ = {
			isa = PBXVariantGroup;
			children = (
				6045D8F92A69586D00782914 /* en */,
				6045D8FB2A69587200782914 /* pl */,
			);
			name = Localizable.strings;
			sourceTree = "<group>";
		};
/* End PBXVariantGroup section */

/* Begin XCBuildConfiguration section */
		60AE815A2A66D5E7000E992F /* Debug */ = {
			isa = XCBuildConfiguration;
			buildSettings = {
				ALWAYS_SEARCH_USER_PATHS = NO;
				CLANG_ANALYZER_LOCALIZABILITY_NONLOCALIZED = YES;
				CLANG_ANALYZER_NONNULL = YES;
				CLANG_ANALYZER_NUMBER_OBJECT_CONVERSION = YES_AGGRESSIVE;
				CLANG_CXX_LANGUAGE_STANDARD = "gnu++20";
				CLANG_ENABLE_MODULES = YES;
				CLANG_ENABLE_OBJC_ARC = YES;
				CLANG_ENABLE_OBJC_WEAK = YES;
				CLANG_WARN_BLOCK_CAPTURE_AUTORELEASING = YES;
				CLANG_WARN_BOOL_CONVERSION = YES;
				CLANG_WARN_COMMA = YES;
				CLANG_WARN_CONSTANT_CONVERSION = YES;
				CLANG_WARN_DEPRECATED_OBJC_IMPLEMENTATIONS = YES;
				CLANG_WARN_DIRECT_OBJC_ISA_USAGE = YES_ERROR;
				CLANG_WARN_DOCUMENTATION_COMMENTS = YES;
				CLANG_WARN_EMPTY_BODY = YES;
				CLANG_WARN_ENUM_CONVERSION = YES;
				CLANG_WARN_INFINITE_RECURSION = YES;
				CLANG_WARN_INT_CONVERSION = YES;
				CLANG_WARN_NON_LITERAL_NULL_CONVERSION = YES;
				CLANG_WARN_OBJC_IMPLICIT_RETAIN_SELF = YES;
				CLANG_WARN_OBJC_LITERAL_CONVERSION = YES;
				CLANG_WARN_OBJC_ROOT_CLASS = YES_ERROR;
				CLANG_WARN_QUOTED_INCLUDE_IN_FRAMEWORK_HEADER = YES;
				CLANG_WARN_RANGE_LOOP_ANALYSIS = YES;
				CLANG_WARN_STRICT_PROTOTYPES = YES;
				CLANG_WARN_SUSPICIOUS_MOVE = YES;
				CLANG_WARN_UNGUARDED_AVAILABILITY = YES_AGGRESSIVE;
				CLANG_WARN_UNREACHABLE_CODE = YES;
				CLANG_WARN__DUPLICATE_METHOD_MATCH = YES;
				COPY_PHASE_STRIP = NO;
				DEBUG_INFORMATION_FORMAT = dwarf;
				ENABLE_STRICT_OBJC_MSGSEND = YES;
				ENABLE_TESTABILITY = YES;
				ENABLE_USER_SCRIPT_SANDBOXING = YES;
				GCC_C_LANGUAGE_STANDARD = gnu11;
				GCC_DYNAMIC_NO_PIC = NO;
				GCC_NO_COMMON_BLOCKS = YES;
				GCC_OPTIMIZATION_LEVEL = 0;
				GCC_PREPROCESSOR_DEFINITIONS = (
					"DEBUG=1",
					"$(inherited)",
				);
				GCC_WARN_64_TO_32_BIT_CONVERSION = YES;
				GCC_WARN_ABOUT_RETURN_TYPE = YES_ERROR;
				GCC_WARN_UNDECLARED_SELECTOR = YES;
				GCC_WARN_UNINITIALIZED_AUTOS = YES_AGGRESSIVE;
				GCC_WARN_UNUSED_FUNCTION = YES;
				GCC_WARN_UNUSED_VARIABLE = YES;
				IPHONEOS_DEPLOYMENT_TARGET = 16.0;
				MTL_ENABLE_DEBUG_INFO = INCLUDE_SOURCE;
				MTL_FAST_MATH = YES;
				ONLY_ACTIVE_ARCH = YES;
				SDKROOT = iphoneos;
				SWIFT_ACTIVE_COMPILATION_CONDITIONS = DEBUG;
				SWIFT_OPTIMIZATION_LEVEL = "-Onone";
			};
			name = Debug;
		};
		60AE815B2A66D5E7000E992F /* Release */ = {
			isa = XCBuildConfiguration;
			buildSettings = {
				ALWAYS_SEARCH_USER_PATHS = NO;
				CLANG_ANALYZER_LOCALIZABILITY_NONLOCALIZED = YES;
				CLANG_ANALYZER_NONNULL = YES;
				CLANG_ANALYZER_NUMBER_OBJECT_CONVERSION = YES_AGGRESSIVE;
				CLANG_CXX_LANGUAGE_STANDARD = "gnu++20";
				CLANG_ENABLE_MODULES = YES;
				CLANG_ENABLE_OBJC_ARC = YES;
				CLANG_ENABLE_OBJC_WEAK = YES;
				CLANG_WARN_BLOCK_CAPTURE_AUTORELEASING = YES;
				CLANG_WARN_BOOL_CONVERSION = YES;
				CLANG_WARN_COMMA = YES;
				CLANG_WARN_CONSTANT_CONVERSION = YES;
				CLANG_WARN_DEPRECATED_OBJC_IMPLEMENTATIONS = YES;
				CLANG_WARN_DIRECT_OBJC_ISA_USAGE = YES_ERROR;
				CLANG_WARN_DOCUMENTATION_COMMENTS = YES;
				CLANG_WARN_EMPTY_BODY = YES;
				CLANG_WARN_ENUM_CONVERSION = YES;
				CLANG_WARN_INFINITE_RECURSION = YES;
				CLANG_WARN_INT_CONVERSION = YES;
				CLANG_WARN_NON_LITERAL_NULL_CONVERSION = YES;
				CLANG_WARN_OBJC_IMPLICIT_RETAIN_SELF = YES;
				CLANG_WARN_OBJC_LITERAL_CONVERSION = YES;
				CLANG_WARN_OBJC_ROOT_CLASS = YES_ERROR;
				CLANG_WARN_QUOTED_INCLUDE_IN_FRAMEWORK_HEADER = YES;
				CLANG_WARN_RANGE_LOOP_ANALYSIS = YES;
				CLANG_WARN_STRICT_PROTOTYPES = YES;
				CLANG_WARN_SUSPICIOUS_MOVE = YES;
				CLANG_WARN_UNGUARDED_AVAILABILITY = YES_AGGRESSIVE;
				CLANG_WARN_UNREACHABLE_CODE = YES;
				CLANG_WARN__DUPLICATE_METHOD_MATCH = YES;
				COPY_PHASE_STRIP = NO;
				DEBUG_INFORMATION_FORMAT = "dwarf-with-dsym";
				ENABLE_NS_ASSERTIONS = NO;
				ENABLE_STRICT_OBJC_MSGSEND = YES;
				ENABLE_USER_SCRIPT_SANDBOXING = YES;
				GCC_C_LANGUAGE_STANDARD = gnu11;
				GCC_NO_COMMON_BLOCKS = YES;
				GCC_WARN_64_TO_32_BIT_CONVERSION = YES;
				GCC_WARN_ABOUT_RETURN_TYPE = YES_ERROR;
				GCC_WARN_UNDECLARED_SELECTOR = YES;
				GCC_WARN_UNINITIALIZED_AUTOS = YES_AGGRESSIVE;
				GCC_WARN_UNUSED_FUNCTION = YES;
				GCC_WARN_UNUSED_VARIABLE = YES;
				IPHONEOS_DEPLOYMENT_TARGET = 16.0;
				MTL_ENABLE_DEBUG_INFO = NO;
				MTL_FAST_MATH = YES;
				SDKROOT = iphoneos;
				SWIFT_COMPILATION_MODE = wholemodule;
				SWIFT_OPTIMIZATION_LEVEL = "-O";
				VALIDATE_PRODUCT = YES;
			};
			name = Release;
		};
		60AE815D2A66D5E7000E992F /* Debug */ = {
			isa = XCBuildConfiguration;
			buildSettings = {
				ASSETCATALOG_COMPILER_APPICON_NAME = AppIcon;
				ASSETCATALOG_COMPILER_GLOBAL_ACCENT_COLOR_NAME = AccentColor;
				CODE_SIGN_STYLE = Automatic;
				CURRENT_PROJECT_VERSION = 1;
				DEVELOPMENT_ASSET_PATHS = "";
				DEVELOPMENT_TEAM = 925758Y7C6;
				ENABLE_PREVIEWS = YES;
				GENERATE_INFOPLIST_FILE = YES;
				INFOPLIST_KEY_CFBundleDisplayName = DPICalculator;
				INFOPLIST_KEY_UIApplicationSceneManifest_Generation = YES;
				INFOPLIST_KEY_UIApplicationSupportsIndirectInputEvents = YES;
				INFOPLIST_KEY_UILaunchScreen_Generation = YES;
				INFOPLIST_KEY_UISupportedInterfaceOrientations = UIInterfaceOrientationPortrait;
				LD_RUNPATH_SEARCH_PATHS = (
					"$(inherited)",
					"@executable_path/Frameworks",
				);
				MARKETING_VERSION = 1.0;
				PRODUCT_BUNDLE_IDENTIFIER = pl.fefercode.dpiProject2;
				PRODUCT_NAME = "$(TARGET_NAME)";
				SWIFT_EMIT_LOC_STRINGS = YES;
				SWIFT_VERSION = 5.0;
				TARGETED_DEVICE_FAMILY = "1,2";
			};
			name = Debug;
		};
		60AE815E2A66D5E7000E992F /* Release */ = {
			isa = XCBuildConfiguration;
			buildSettings = {
				ASSETCATALOG_COMPILER_APPICON_NAME = AppIcon;
				ASSETCATALOG_COMPILER_GLOBAL_ACCENT_COLOR_NAME = AccentColor;
				CODE_SIGN_STYLE = Automatic;
				CURRENT_PROJECT_VERSION = 1;
				DEVELOPMENT_ASSET_PATHS = "";
				DEVELOPMENT_TEAM = 925758Y7C6;
				ENABLE_PREVIEWS = YES;
				GENERATE_INFOPLIST_FILE = YES;
				INFOPLIST_KEY_CFBundleDisplayName = DPICalculator;
				INFOPLIST_KEY_UIApplicationSceneManifest_Generation = YES;
				INFOPLIST_KEY_UIApplicationSupportsIndirectInputEvents = YES;
				INFOPLIST_KEY_UILaunchScreen_Generation = YES;
				INFOPLIST_KEY_UISupportedInterfaceOrientations = UIInterfaceOrientationPortrait;
				LD_RUNPATH_SEARCH_PATHS = (
					"$(inherited)",
					"@executable_path/Frameworks",
				);
				MARKETING_VERSION = 1.0;
				PRODUCT_BUNDLE_IDENTIFIER = pl.fefercode.dpiProject2;
				PRODUCT_NAME = "$(TARGET_NAME)";
				SWIFT_EMIT_LOC_STRINGS = YES;
				SWIFT_VERSION = 5.0;
				TARGETED_DEVICE_FAMILY = "1,2";
			};
			name = Release;
		};
/* End XCBuildConfiguration section */

/* Begin XCConfigurationList section */
		60AE81492A66D5E6000E992F /* Build configuration list for PBXProject "PPIProject2" */ = {
			isa = XCConfigurationList;
			buildConfigurations = (
				60AE815A2A66D5E7000E992F /* Debug */,
				60AE815B2A66D5E7000E992F /* Release */,
			);
			defaultConfigurationIsVisible = 0;
			defaultConfigurationName = Release;
		};
		60AE815C2A66D5E7000E992F /* Build configuration list for PBXNativeTarget "PPIProject2" */ = {
			isa = XCConfigurationList;
			buildConfigurations = (
				60AE815D2A66D5E7000E992F /* Debug */,
				60AE815E2A66D5E7000E992F /* Release */,
			);
			defaultConfigurationIsVisible = 0;
			defaultConfigurationName = Release;
		};
/* End XCConfigurationList section */

/* Begin XCRemoteSwiftPackageReference section */
		60AE815F2A66DCBE000E992F /* XCRemoteSwiftPackageReference "DPICalculations" */ = {
			isa = XCRemoteSwiftPackageReference;
			repositoryURL = "git@github.com:FeferCode/DPICalculations.git";
			requirement = {
				branch = main;
				kind = branch;
			};
		};
/* End XCRemoteSwiftPackageReference section */

/* Begin XCSwiftPackageProductDependency section */
		60AE81602A66DCBE000E992F /* DPICalculations */ = {
			isa = XCSwiftPackageProductDependency;
			package = 60AE815F2A66DCBE000E992F /* XCRemoteSwiftPackageReference "DPICalculations" */;
			productName = DPICalculations;
		};
/* End XCSwiftPackageProductDependency section */
	};
	rootObject = 60AE81462A66D5E6000E992F /* Project object */;
}
