{
  "originHash" : "6f76b24bcf7fdd670c4053aec574e01d58a15158eb2445fd6ff603ce844a8375",
  "pins" : [
    {
      "identity" : "dpicalculations",
      "kind" : "remoteSourceControl",
      "location" : "git@github.com:FeferCode/DPICalculations.git",
      "state" : {
        "branch" : "main",
        "revision" : "1313e15ef30722c11ea8ec3aac078a20738d652c"
      }
    }
  ],
  "version" : 3
}
